{
    "_readme": [
        "This file locks the dependencies of your project to a known state",
        "Read more about it at http://getcomposer.org/doc/01-basic-usage.md#composer-lock-the-lock-file",
        "This file is @generated automatically"
    ],
    "hash": "7fc801f82c826eca3d1dcc7247a55190",
    "packages": [
        {
            "name": "mediawiki/oauthclient",
            "version": "0.1.1",
            "source": {
                "type": "git",
                "url": "https://github.com/wikimedia/mediawiki-oauthclient-php.git",
                "reference": "1eb5c5c2833616b3352671783034d9781dd6b897"
            },
            "dist": {
                "type": "zip",
                "url": "https://api.github.com/repos/wikimedia/mediawiki-oauthclient-php/zipball/1eb5c5c2833616b3352671783034d9781dd6b897",
                "reference": "1eb5c5c2833616b3352671783034d9781dd6b897",
                "shasum": ""
            },
            "require": {
                "psr/log": "1.0.*"
            },
            "require-dev": {
                "jakub-onderka/php-parallel-lint": "~0.9",
                "mediawiki/mediawiki-codesniffer": "0.5.0",
                "phpunit/phpunit": "~4.6"
            },
            "type": "library",
            "autoload": {
                "psr-4": {
                    "MediaWiki\\OAuthClient\\": "src/"
                }
            },
            "notification-url": "https://packagist.org/downloads/",
            "license": [
                "GPL-3.0+"
            ],
            "authors": [
                {
                    "name": "Bryan Davis",
                    "email": "bd808@wikimedia.org"
                },
                {
                    "name": "Andy Smith",
                    "homepage": "http://termie.pbworks.com/w/page/20571888/AndySmith"
                },
                {
                    "name": "Chris Steipp",
                    "email": "csteipp@wikimedia.org"
                }
            ],
            "description": "PHP OAuth client for use with Wikipedia and other MediaWiki-based wikis running the OAuth extension",
            "homepage": "https://www.mediawiki.org/wiki/oauthclient-php",
            "time": "2016-01-16 01:59:36"
        },
        {
            "name": "psr/log",
            "version": "1.0.0",
            "source": {
                "type": "git",
                "url": "https://github.com/php-fig/log.git",
                "reference": "fe0936ee26643249e916849d48e3a51d5f5e278b"
            },
            "dist": {
                "type": "zip",
                "url": "https://api.github.com/repos/php-fig/log/zipball/fe0936ee26643249e916849d48e3a51d5f5e278b",
                "reference": "fe0936ee26643249e916849d48e3a51d5f5e278b",
                "shasum": ""
            },
            "type": "library",
            "autoload": {
                "psr-0": {
                    "Psr\\Log\\": ""
                }
            },
            "notification-url": "https://packagist.org/downloads/",
            "license": [
                "MIT"
            ],
            "authors": [
                {
                    "name": "PHP-FIG",
                    "homepage": "http://www.php-fig.org/"
                }
            ],
            "description": "Common interface for logging libraries",
            "keywords": [
                "log",
                "psr",
                "psr-3"
            ],
            "time": "2012-12-21 11:40:51"
        }
    ],
    "packages-dev": [],
    "aliases": [],
    "minimum-stability": "stable",
    "stability-flags": [],
    "prefer-stable": false,
    "prefer-lowest": false,
    "platform": [],
    "platform-dev": []
}
